
Microsoft Visual Studio Solution File, Format Version 12.00
# Visual Studio 14
VisualStudioVersion = 14.0.23107.0
MinimumVisualStudioVersion = 10.0.40219.1
Project("{FAE04EC0-301F-11D3-BF4B-00C04F79EFBC}") = "OneTimePassword.Web", "OneTimePassword.Web\OneTimePassword.Web.csproj", "{F168C3E1-4C43-4198-ACF2-A4B0F7A61400}"
EndProject
Project("{FAE04EC0-301F-11D3-BF4B-00C04F79EFBC}") = "OneTimePassword.Impl", "OneTimePassword.Impl\OneTimePassword.Impl.csproj", "{DC0BB2F7-B2BB-48D0-90C9-06953D44C51E}"
EndProject
Project("{FAE04EC0-301F-11D3-BF4B-00C04F79EFBC}") = "OneTimePassword.Contract", "OneTimePassword.Contract\OneTimePassword.Contract.csproj", "{CC7DB045-9004-484C-A1A8-88ED3CDC52CB}"
EndProject
Project("{2150E333-8FDC-42A3-9474-1A3956D46DE8}") = "Code", "Code", "{6E9CEE36-32C6-4FA1-9611-148CBDACE0E1}"
EndProject
Project("{2150E333-8FDC-42A3-9474-1A3956D46DE8}") = "Tests", "Tests", "{DD84BCA1-8E65-4ADC-9FE1-A774270F1B90}"
EndProject
Project("{2150E333-8FDC-42A3-9474-1A3956D46DE8}") = "Solution Items", "Solution Items", "{A95523CF-9696-4713-849D-F24CA601E7A3}"
	ProjectSection(SolutionItems) = preProject
		README.md = README.md
	EndProjectSection
EndProject
Project("{FAE04EC0-301F-11D3-BF4B-00C04F79EFBC}") = "OneTimePassword.Impl.Tests", "OneTimePassword.Impl.Tests\OneTimePassword.Impl.Tests.csproj", "{C5F9BF7A-6107-4A6D-9A97-9DF804BBE169}"
EndProject
Global
	GlobalSection(SolutionConfigurationPlatforms) = preSolution
		Debug|Any CPU = Debug|Any CPU
		Release|Any CPU = Release|Any CPU
	EndGlobalSection
	GlobalSection(ProjectConfigurationPlatforms) = postSolution
		{F168C3E1-4C43-4198-ACF2-A4B0F7A61400}.Debug|Any CPU.ActiveCfg = Debug|Any CPU
		{F168C3E1-4C43-4198-ACF2-A4B0F7A61400}.Debug|Any CPU.Build.0 = Debug|Any CPU
		{F168C3E1-4C43-4198-ACF2-A4B0F7A61400}.Release|Any CPU.ActiveCfg = Release|Any CPU
		{F168C3E1-4C43-4198-ACF2-A4B0F7A61400}.Release|Any CPU.Build.0 = Release|Any CPU
		{DC0BB2F7-B2BB-48D0-90C9-06953D44C51E}.Debug|Any CPU.ActiveCfg = Debug|Any CPU
		{DC0BB2F7-B2BB-48D0-90C9-06953D44C51E}.Debug|Any CPU.Build.0 = Debug|Any CPU
		{DC0BB2F7-B2BB-48D0-90C9-06953D44C51E}.Release|Any CPU.ActiveCfg = Release|Any CPU
		{DC0BB2F7-B2BB-48D0-90C9-06953D44C51E}.Release|Any CPU.Build.0 = Release|Any CPU
		{CC7DB045-9004-484C-A1A8-88ED3CDC52CB}.Debug|Any CPU.ActiveCfg = Debug|Any CPU
		{CC7DB045-9004-484C-A1A8-88ED3CDC52CB}.Debug|Any CPU.Build.0 = Debug|Any CPU
		{CC7DB045-9004-484C-A1A8-88ED3CDC52CB}.Release|Any CPU.ActiveCfg = Release|Any CPU
		{CC7DB045-9004-484C-A1A8-88ED3CDC52CB}.Release|Any CPU.Build.0 = Release|Any CPU
		{C5F9BF7A-6107-4A6D-9A97-9DF804BBE169}.Debug|Any CPU.ActiveCfg = Debug|Any CPU
		{C5F9BF7A-6107-4A6D-9A97-9DF804BBE169}.Debug|Any CPU.Build.0 = Debug|Any CPU
		{C5F9BF7A-6107-4A6D-9A97-9DF804BBE169}.Release|Any CPU.ActiveCfg = Release|Any CPU
		{C5F9BF7A-6107-4A6D-9A97-9DF804BBE169}.Release|Any CPU.Build.0 = Release|Any CPU
	EndGlobalSection
	GlobalSection(SolutionProperties) = preSolution
		HideSolutionNode = FALSE
	EndGlobalSection
	GlobalSection(NestedProjects) = preSolution
		{F168C3E1-4C43-4198-ACF2-A4B0F7A61400} = {6E9CEE36-32C6-4FA1-9611-148CBDACE0E1}
		{DC0BB2F7-B2BB-48D0-90C9-06953D44C51E} = {6E9CEE36-32C6-4FA1-9611-148CBDACE0E1}
		{CC7DB045-9004-484C-A1A8-88ED3CDC52CB} = {6E9CEE36-32C6-4FA1-9611-148CBDACE0E1}
		{C5F9BF7A-6107-4A6D-9A97-9DF804BBE169} = {DD84BCA1-8E65-4ADC-9FE1-A774270F1B90}
	EndGlobalSection
EndGlobal
